
Microsoft Visual Studio Solution File, Format Version 12.00
# Visual Studio 15
VisualStudioVersion = 15.0.33403.129
MinimumVisualStudioVersion = 10.0.40219.1
Project("{FAE04EC0-301F-11D3-BF4B-00C04F79EFBC}") = "bil", "bil\bil.csproj", "{B9EB436C-C094-4F72-9897-720E345C4CCC}"
EndProject
Global
	GlobalSection(SolutionConfigurationPlatforms) = preSolution
		Debug|Any CPU = Debug|Any CPU
		Release|Any CPU = Release|Any CPU
	EndGlobalSection
	GlobalSection(ProjectConfigurationPlatforms) = postSolution
		{B9EB436C-C094-4F72-9897-720E345C4CCC}.Debug|Any CPU.ActiveCfg = Debug|Any CPU
		{B9EB436C-C094-4F72-9897-720E345C4CCC}.Debug|Any CPU.Build.0 = Debug|Any CPU
		{B9EB436C-C094-4F72-9897-720E345C4CCC}.Release|Any CPU.ActiveCfg = Release|Any CPU
		{B9EB436C-C094-4F72-9897-720E345C4CCC}.Release|Any CPU.Build.0 = Release|Any CPU
	EndGlobalSection
	GlobalSection(SolutionProperties) = preSolution
		HideSolutionNode = FALSE
	EndGlobalSection
	GlobalSection(ExtensibilityGlobals) = postSolution
		SolutionGuid = {390399FF-AC4C-4BCF-9749-43EFC6ECF303}
	EndGlobalSection
EndGlobal
